
Microsoft Visual Studio Solution File, Format Version 12.00
# Visual Studio 2013
VisualStudioVersion = 12.0.21005.1
MinimumVisualStudioVersion = 10.0.40219.1
Project("{FAE04EC0-301F-11D3-BF4B-00C04F79EFBC}") = "ZuoraMagic", "ZuoraMagic\ZuoraMagic.csproj", "{6574D37B-EB71-4FCA-8F05-48E349ABDC06}"
EndProject
Project("{FAE04EC0-301F-11D3-BF4B-00C04F79EFBC}") = "ConsoleApplication1", "ConsoleApplication1\ConsoleApplication1.csproj", "{D6D67A62-C8BA-419E-B339-ABB886DFA68B}"
EndProject
Project("{2150E333-8FDC-42A3-9474-1A3956D46DE8}") = ".nuget", ".nuget", "{819F3C80-BA5B-4A9B-B278-B3BF27B8ADDE}"
	ProjectSection(SolutionItems) = preProject
		.nuget\NuGet.Config = .nuget\NuGet.Config
		.nuget\NuGet.exe = .nuget\NuGet.exe
		.nuget\NuGet.targets = .nuget\NuGet.targets
	EndProjectSection
EndProject
Global
	GlobalSection(SolutionConfigurationPlatforms) = preSolution
		Debug|Any CPU = Debug|Any CPU
		Release|Any CPU = Release|Any CPU
	EndGlobalSection
	GlobalSection(ProjectConfigurationPlatforms) = postSolution
		{6574D37B-EB71-4FCA-8F05-48E349ABDC06}.Debug|Any CPU.ActiveCfg = Debug|Any CPU
		{6574D37B-EB71-4FCA-8F05-48E349ABDC06}.Debug|Any CPU.Build.0 = Debug|Any CPU
		{6574D37B-EB71-4FCA-8F05-48E349ABDC06}.Release|Any CPU.ActiveCfg = Release|Any CPU
		{6574D37B-EB71-4FCA-8F05-48E349ABDC06}.Release|Any CPU.Build.0 = Release|Any CPU
		{D6D67A62-C8BA-419E-B339-ABB886DFA68B}.Debug|Any CPU.ActiveCfg = Debug|Any CPU
		{D6D67A62-C8BA-419E-B339-ABB886DFA68B}.Debug|Any CPU.Build.0 = Debug|Any CPU
		{D6D67A62-C8BA-419E-B339-ABB886DFA68B}.Release|Any CPU.ActiveCfg = Release|Any CPU
		{D6D67A62-C8BA-419E-B339-ABB886DFA68B}.Release|Any CPU.Build.0 = Release|Any CPU
	EndGlobalSection
	GlobalSection(SolutionProperties) = preSolution
		HideSolutionNode = FALSE
	EndGlobalSection
EndGlobal
